{
    "_meta": {
        "hash": {
            "sha256": "9280dd93fd6088cfe5b383dbfc6644c07a48ca568fed87dbd2a34d5c922e3036"
        },
        "requires": {},
        "sources": [
            {
                "url": "https://pypi.python.org/simple",
                "verify_ssl": true
            }
        ]
    },
    "default": {
        "aniso8601": {
            "version": "==1.2.1"
        },
        "certifi": {
            "version": "==2017.4.17"
        },
        "chardet": {
            "version": "==3.0.4"
        },
        "click": {
            "version": "==6.7"
        },
        "flask": {
            "version": "==0.12.2"
        },
        "flask-restful": {
            "version": "==0.3.5"
        },
        "idna": {
            "version": "==2.5"
        },
        "itsdangerous": {
            "version": "==0.24"
        },
        "jinja2": {
            "version": "==2.9.6"
        },
        "markdown": {
            "version": "==2.6.6"
        },
        "markupsafe": {
            "version": "==1.0"
        },
        "python-dateutil": {
            "version": "==2.6.1"
        },
        "pytz": {
            "version": "==2017.2"
        },
        "requests": {
            "version": "==2.10.0"
        },
        "requests-mock": {
            "version": "==1.0.0"
        },
        "six": {
            "version": "==1.10.0"
        },
        "urllib3": {
            "version": "==1.21.1"
        },
        "werkzeug": {
            "version": "==0.12.2"
        }
    },
    "develop": {}
}
